// !$*UTF8*$!
{
	archiveVersion = 1;
	classes = {
	};
	objectVersion = 46;
	objects = {

/* Begin PBXBuildFile section */
		6033F8411BE9EADA0056FD04 /* main.m in Sources */ = {isa = PBXBuildFile; fileRef = 6033F8401BE9EADA0056FD04 /* main.m */; };
		6033F8441BE9EADA0056FD04 /* AppDelegate.m in Sources */ = {isa = PBXBuildFile; fileRef = 6033F8431BE9EADA0056FD04 /* AppDelegate.m */; };
		6033F8471BE9EADA0056FD04 /* ViewController.m in Sources */ = {isa = PBXBuildFile; fileRef = 6033F8461BE9EADA0056FD04 /* ViewController.m */; };
		6033F84A1BE9EADA0056FD04 /* Main.storyboard in Resources */ = {isa = PBXBuildFile; fileRef = 6033F8481BE9EADA0056FD04 /* Main.storyboard */; };
		6033F84C1BE9EADA0056FD04 /* Assets.xcassets in Resources */ = {isa = PBXBuildFile; fileRef = 6033F84B1BE9EADA0056FD04 /* Assets.xcassets */; };
		6033F84F1BE9EADA0056FD04 /* LaunchScreen.storyboard in Resources */ = {isa = PBXBuildFile; fileRef = 6033F84D1BE9EADA0056FD04 /* LaunchScreen.storyboard */; };
		6033F85A1BE9EADA0056FD04 /* EaseStartViewTests.m in Sources */ = {isa = PBXBuildFile; fileRef = 6033F8591BE9EADA0056FD04 /* EaseStartViewTests.m */; };
		6033F8651BE9EADA0056FD04 /* EaseStartViewUITests.m in Sources */ = {isa = PBXBuildFile; fileRef = 6033F8641BE9EADA0056FD04 /* EaseStartViewUITests.m */; };
		6033F8741BE9EB190056FD04 /* EaseStartView.m in Sources */ = {isa = PBXBuildFile; fileRef = 6033F8731BE9EB190056FD04 /* EaseStartView.m */; settings = {ASSET_TAGS = (); }; };
		6033F8771BE9ED1B0056FD04 /* StartImagesManager.m in Sources */ = {isa = PBXBuildFile; fileRef = 6033F8761BE9ED1B0056FD04 /* StartImagesManager.m */; settings = {ASSET_TAGS = (); }; };
/* End PBXBuildFile section */

/* Begin PBXContainerItemProxy section */
		6033F8561BE9EADA0056FD04 /* PBXContainerItemProxy */ = {
			isa = PBXContainerItemProxy;
			containerPortal = 6033F8341BE9EADA0056FD04 /* Project object */;
			proxyType = 1;
			remoteGlobalIDString = 6033F83B1BE9EADA0056FD04;
			remoteInfo = EaseStartView;
		};
		6033F8611BE9EADA0056FD04 /* PBXContainerItemProxy */ = {
			isa = PBXContainerItemProxy;
			containerPortal = 6033F8341BE9EADA0056FD04 /* Project object */;
			proxyType = 1;
			remoteGlobalIDString = 6033F83B1BE9EADA0056FD04;
			remoteInfo = EaseStartView;
		};
/* End PBXContainerItemProxy section */

/* Begin PBXFileReference section */
		6033F83C1BE9EADA0056FD04 /* EaseStartView.app */ = {isa = PBXFileReference; explicitFileType = wrapper.application; includeInIndex = 0; path = EaseStartView.app; sourceTree = BUILT_PRODUCTS_DIR; };
		6033F8401BE9EADA0056FD04 /* main.m */ = {isa = PBXFileReference; lastKnownFileType = sourcecode.c.objc; path = main.m; sourceTree = "<group>"; };
		6033F8421BE9EADA0056FD04 /* AppDelegate.h */ = {isa = PBXFileReference; lastKnownFileType = sourcecode.c.h; path = AppDelegate.h; sourceTree = "<group>"; };
		6033F8431BE9EADA0056FD04 /* AppDelegate.m */ = {isa = PBXFileReference; lastKnownFileType = sourcecode.c.objc; path = AppDelegate.m; sourceTree = "<group>"; };
		6033F8451BE9EADA0056FD04 /* ViewController.h */ = {isa = PBXFileReference; lastKnownFileType = sourcecode.c.h; path = ViewController.h; sourceTree = "<group>"; };
		6033F8461BE9EADA0056FD04 /* ViewController.m */ = {isa = PBXFileReference; lastKnownFileType = sourcecode.c.objc; path = ViewController.m; sourceTree = "<group>"; };
		6033F8491BE9EADA0056FD04 /* Base */ = {isa = PBXFileReference; lastKnownFileType = file.storyboard; name = Base; path = Base.lproj/Main.storyboard; sourceTree = "<group>"; };
		6033F84B1BE9EADA0056FD04 /* Assets.xcassets */ = {isa = PBXFileReference; lastKnownFileType = folder.assetcatalog; path = Assets.xcassets; sourceTree = "<group>"; };
		6033F84E1BE9EADA0056FD04 /* Base */ = {isa = PBXFileReference; lastKnownFileType = file.storyboard; name = Base; path = Base.lproj/LaunchScreen.storyboard; sourceTree = "<group>"; };
		6033F8501BE9EADA0056FD04 /* Info.plist */ = {isa = PBXFileReference; lastKnownFileType = text.plist.xml; path = Info.plist; sourceTree = "<group>"; };
		6033F8551BE9EADA0056FD04 /* EaseStartViewTests.xctest */ = {isa = PBXFileReference; explicitFileType = wrapper.cfbundle; includeInIndex = 0; path = EaseStartViewTests.xctest; sourceTree = BUILT_PRODUCTS_DIR; };
		6033F8591BE9EADA0056FD04 /* EaseStartViewTests.m */ = {isa = PBXFileReference; lastKnownFileType = sourcecode.c.objc; path = EaseStartViewTests.m; sourceTree = "<group>"; };
		6033F85B1BE9EADA0056FD04 /* Info.plist */ = {isa = PBXFileReference; lastKnownFileType = text.plist.xml; path = Info.plist; sourceTree = "<group>"; };
		6033F8601BE9EADA0056FD04 /* EaseStartViewUITests.xctest */ = {isa = PBXFileReference; explicitFileType = wrapper.cfbundle; includeInIndex = 0; path = EaseStartViewUITests.xctest; sourceTree = BUILT_PRODUCTS_DIR; };
		6033F8641BE9EADA0056FD04 /* EaseStartViewUITests.m */ = {isa = PBXFileReference; lastKnownFileType = sourcecode.c.objc; path = EaseStartViewUITests.m; sourceTree = "<group>"; };
		6033F8661BE9EADA0056FD04 /* Info.plist */ = {isa = PBXFileReference; lastKnownFileType = text.plist.xml; path = Info.plist; sourceTree = "<group>"; };
		6033F8721BE9EB190056FD04 /* EaseStartView.h */ = {isa = PBXFileReference; fileEncoding = 4; lastKnownFileType = sourcecode.c.h; path = EaseStartView.h; sourceTree = "<group>"; };
		6033F8731BE9EB190056FD04 /* EaseStartView.m */ = {isa = PBXFileReference; fileEncoding = 4; lastKnownFileType = sourcecode.c.objc; path = EaseStartView.m; sourceTree = "<group>"; };
		6033F8751BE9ED1B0056FD04 /* StartImagesManager.h */ = {isa = PBXFileReference; fileEncoding = 4; lastKnownFileType = sourcecode.c.h; path = StartImagesManager.h; sourceTree = "<group>"; };
		6033F8761BE9ED1B0056FD04 /* StartImagesManager.m */ = {isa = PBXFileReference; fileEncoding = 4; lastKnownFileType = sourcecode.c.objc; path = StartImagesManager.m; sourceTree = "<group>"; };
/* End PBXFileReference section */

/* Begin PBXFrameworksBuildPhase section */
		6033F8391BE9EADA0056FD04 /* Frameworks */ = {
			isa = PBXFrameworksBuildPhase;
			buildActionMask = 2147483647;
			files = (
			);
			runOnlyForDeploymentPostprocessing = 0;
		};
		6033F8521BE9EADA0056FD04 /* Frameworks */ = {
			isa = PBXFrameworksBuildPhase;
			buildActionMask = 2147483647;
			files = (
			);
			runOnlyForDeploymentPostprocessing = 0;
		};
		6033F85D1BE9EADA0056FD04 /* Frameworks */ = {
			isa = PBXFrameworksBuildPhase;
			buildActionMask = 2147483647;
			files = (
			);
			runOnlyForDeploymentPostprocessing = 0;
		};
/* End PBXFrameworksBuildPhase section */

/* Begin PBXGroup section */
		6033F8331BE9EADA0056FD04 = {
			isa = PBXGroup;
			children = (
				6033F83E1BE9EADA0056FD04 /* EaseStartView */,
				6033F8581BE9EADA0056FD04 /* EaseStartViewTests */,
				6033F8631BE9EADA0056FD04 /* EaseStartViewUITests */,
				6033F83D1BE9EADA0056FD04 /* Products */,
			);
			sourceTree = "<group>";
		};
		6033F83D1BE9EADA0056FD04 /* Products */ = {
			isa = PBXGroup;
			children = (
				6033F83C1BE9EADA0056FD04 /* EaseStartView.app */,
				6033F8551BE9EADA0056FD04 /* EaseStartViewTests.xctest */,
				6033F8601BE9EADA0056FD04 /* EaseStartViewUITests.xctest */,
			);
			name = Products;
			sourceTree = "<group>";
		};
		6033F83E1BE9EADA0056FD04 /* EaseStartView */ = {
			isa = PBXGroup;
			children = (
				6033F8421BE9EADA0056FD04 /* AppDelegate.h */,
				6033F8431BE9EADA0056FD04 /* AppDelegate.m */,
				6033F8451BE9EADA0056FD04 /* ViewController.h */,
				6033F8461BE9EADA0056FD04 /* ViewController.m */,
				6033F8721BE9EB190056FD04 /* EaseStartView.h */,
				6033F8731BE9EB190056FD04 /* EaseStartView.m */,
				6033F8751BE9ED1B0056FD04 /* StartImagesManager.h */,
				6033F8761BE9ED1B0056FD04 /* StartImagesManager.m */,
				6033F8481BE9EADA0056FD04 /* Main.storyboard */,
				6033F84B1BE9EADA0056FD04 /* Assets.xcassets */,
				6033F84D1BE9EADA0056FD04 /* LaunchScreen.storyboard */,
				6033F8501BE9EADA0056FD04 /* Info.plist */,
				6033F83F1BE9EADA0056FD04 /* Supporting Files */,
			);
			path = EaseStartView;
			sourceTree = "<group>";
		};
		6033F83F1BE9EADA0056FD04 /* Supporting Files */ = {
			isa = PBXGroup;
			children = (
				6033F8401BE9EADA0056FD04 /* main.m */,
			);
			name = "Supporting Files";
			sourceTree = "<group>";
		};
		6033F8581BE9EADA0056FD04 /* EaseStartViewTests */ = {
			isa = PBXGroup;
			children = (
				6033F8591BE9EADA0056FD04 /* EaseStartViewTests.m */,
				6033F85B1BE9EADA0056FD04 /* Info.plist */,
			);
			path = EaseStartViewTests;
			sourceTree = "<group>";
		};
		6033F8631BE9EADA0056FD04 /* EaseStartViewUITests */ = {
			isa = PBXGroup;
			children = (
				6033F8641BE9EADA0056FD04 /* EaseStartViewUITests.m */,
				6033F8661BE9EADA0056FD04 /* Info.plist */,
			);
			path = EaseStartViewUITests;
			sourceTree = "<group>";
		};
/* End PBXGroup section */

/* Begin PBXNativeTarget section */
		6033F83B1BE9EADA0056FD04 /* EaseStartView */ = {
			isa = PBXNativeTarget;
			buildConfigurationList = 6033F8691BE9EADA0056FD04 /* Build configuration list for PBXNativeTarget "EaseStartView" */;
			buildPhases = (
				6033F8381BE9EADA0056FD04 /* Sources */,
				6033F8391BE9EADA0056FD04 /* Frameworks */,
				6033F83A1BE9EADA0056FD04 /* Resources */,
			);
			buildRules = (
			);
			dependencies = (
			);
			name = EaseStartView;
			productName = EaseStartView;
			productReference = 6033F83C1BE9EADA0056FD04 /* EaseStartView.app */;
			productType = "com.apple.product-type.application";
		};
		6033F8541BE9EADA0056FD04 /* EaseStartViewTests */ = {
			isa = PBXNativeTarget;
			buildConfigurationList = 6033F86C1BE9EADA0056FD04 /* Build configuration list for PBXNativeTarget "EaseStartViewTests" */;
			buildPhases = (
				6033F8511BE9EADA0056FD04 /* Sources */,
				6033F8521BE9EADA0056FD04 /* Frameworks */,
				6033F8531BE9EADA0056FD04 /* Resources */,
			);
			buildRules = (
			);
			dependencies = (
				6033F8571BE9EADA0056FD04 /* PBXTargetDependency */,
			);
			name = EaseStartViewTests;
			productName = EaseStartViewTests;
			productReference = 6033F8551BE9EADA0056FD04 /* EaseStartViewTests.xctest */;
			productType = "com.apple.product-type.bundle.unit-test";
		};
		6033F85F1BE9EADA0056FD04 /* EaseStartViewUITests */ = {
			isa = PBXNativeTarget;
			buildConfigurationList = 6033F86F1BE9EADA0056FD04 /* Build configuration list for PBXNativeTarget "EaseStartViewUITests" */;
			buildPhases = (
				6033F85C1BE9EADA0056FD04 /* Sources */,
				6033F85D1BE9EADA0056FD04 /* Frameworks */,
				6033F85E1BE9EADA0056FD04 /* Resources */,
			);
			buildRules = (
			);
			dependencies = (
				6033F8621BE9EADA0056FD04 /* PBXTargetDependency */,
			);
			name = EaseStartViewUITests;
			productName = EaseStartViewUITests;
			productReference = 6033F8601BE9EADA0056FD04 /* EaseStartViewUITests.xctest */;
			productType = "com.apple.product-type.bundle.ui-testing";
		};
/* End PBXNativeTarget section */

/* Begin PBXProject section */
		6033F8341BE9EADA0056FD04 /* Project object */ = {
			isa = PBXProject;
			attributes = {
				LastUpgradeCheck = 0700;
				ORGANIZATIONNAME = twksky;
				TargetAttributes = {
					6033F83B1BE9EADA0056FD04 = {
						CreatedOnToolsVersion = 7.0;
					};
					6033F8541BE9EADA0056FD04 = {
						CreatedOnToolsVersion = 7.0;
						TestTargetID = 6033F83B1BE9EADA0056FD04;
					};
					6033F85F1BE9EADA0056FD04 = {
						CreatedOnToolsVersion = 7.0;
						TestTargetID = 6033F83B1BE9EADA0056FD04;
					};
				};
			};
			buildConfigurationList = 6033F8371BE9EADA0056FD04 /* Build configuration list for PBXProject "EaseStartView" */;
			compatibilityVersion = "Xcode 3.2";
			developmentRegion = English;
			hasScannedForEncodings = 0;
			knownRegions = (
				en,
				Base,
			);
			mainGroup = 6033F8331BE9EADA0056FD04;
			productRefGroup = 6033F83D1BE9EADA0056FD04 /* Products */;
			projectDirPath = "";
			projectRoot = "";
			targets = (
				6033F83B1BE9EADA0056FD04 /* EaseStartView */,
				6033F8541BE9EADA0056FD04 /* EaseStartViewTests */,
				6033F85F1BE9EADA0056FD04 /* EaseStartViewUITests */,
			);
		};
/* End PBXProject section */

/* Begin PBXResourcesBuildPhase section */
		6033F83A1BE9EADA0056FD04 /* Resources */ = {
			isa = PBXResourcesBuildPhase;
			buildActionMask = 2147483647;
			files = (
				6033F84F1BE9EADA0056FD04 /* LaunchScreen.storyboard in Resources */,
				6033F84C1BE9EADA0056FD04 /* Assets.xcassets in Resources */,
				6033F84A1BE9EADA0056FD04 /* Main.storyboard in Resources */,
			);
			runOnlyForDeploymentPostprocessing = 0;
		};
		6033F8531BE9EADA0056FD04 /* Resources */ = {
			isa = PBXResourcesBuildPhase;
			buildActionMask = 2147483647;
			files = (
			);
			runOnlyForDeploymentPostprocessing = 0;
		};
		6033F85E1BE9EADA0056FD04 /* Resources */ = {
			isa = PBXResourcesBuildPhase;
			buildActionMask = 2147483647;
			files = (
			);
			runOnlyForDeploymentPostprocessing = 0;
		};
/* End PBXResourcesBuildPhase section */

/* Begin PBXSourcesBuildPhase section */
		6033F8381BE9EADA0056FD04 /* Sources */ = {
			isa = PBXSourcesBuildPhase;
			buildActionMask = 2147483647;
			files = (
				6033F8471BE9EADA0056FD04 /* ViewController.m in Sources */,
				6033F8741BE9EB190056FD04 /* EaseStartView.m in Sources */,
				6033F8771BE9ED1B0056FD04 /* StartImagesManager.m in Sources */,
				6033F8441BE9EADA0056FD04 /* AppDelegate.m in Sources */,
				6033F8411BE9EADA0056FD04 /* main.m in Sources */,
			);
			runOnlyForDeploymentPostprocessing = 0;
		};
		6033F8511BE9EADA0056FD04 /* Sources */ = {
			isa = PBXSourcesBuildPhase;
			buildActionMask = 2147483647;
			files = (
				6033F85A1BE9EADA0056FD04 /* EaseStartViewTests.m in Sources */,
			);
			runOnlyForDeploymentPostprocessing = 0;
		};
		6033F85C1BE9EADA0056FD04 /* Sources */ = {
			isa = PBXSourcesBuildPhase;
			buildActionMask = 2147483647;
			files = (
				6033F8651BE9EADA0056FD04 /* EaseStartViewUITests.m in Sources */,
			);
			runOnlyForDeploymentPostprocessing = 0;
		};
/* End PBXSourcesBuildPhase section */

/* Begin PBXTargetDependency section */
		6033F8571BE9EADA0056FD04 /* PBXTargetDependency */ = {
			isa = PBXTargetDependency;
			target = 6033F83B1BE9EADA0056FD04 /* EaseStartView */;
			targetProxy = 6033F8561BE9EADA0056FD04 /* PBXContainerItemProxy */;
		};
		6033F8621BE9EADA0056FD04 /* PBXTargetDependency */ = {
			isa = PBXTargetDependency;
			target = 6033F83B1BE9EADA0056FD04 /* EaseStartView */;
			targetProxy = 6033F8611BE9EADA0056FD04 /* PBXContainerItemProxy */;
		};
/* End PBXTargetDependency section */

/* Begin PBXVariantGroup section */
		6033F8481BE9EADA0056FD04 /* Main.storyboard */ = {
			isa = PBXVariantGroup;
			children = (
				6033F8491BE9EADA0056FD04 /* Base */,
			);
			name = Main.storyboard;
			sourceTree = "<group>";
		};
		6033F84D1BE9EADA0056FD04 /* LaunchScreen.storyboard */ = {
			isa = PBXVariantGroup;
			children = (
				6033F84E1BE9EADA0056FD04 /* Base */,
			);
			name = LaunchScreen.storyboard;
			sourceTree = "<group>";
		};
/* End PBXVariantGroup section */

/* Begin XCBuildConfiguration section */
		6033F8671BE9EADA0056FD04 /* Debug */ = {
			isa = XCBuildConfiguration;
			buildSettings = {
				ALWAYS_SEARCH_USER_PATHS = NO;
				CLANG_CXX_LANGUAGE_STANDARD = "gnu++0x";
				CLANG_CXX_LIBRARY = "libc++";
				CLANG_ENABLE_MODULES = YES;
				CLANG_ENABLE_OBJC_ARC = YES;
				CLANG_WARN_BOOL_CONVERSION = YES;
				CLANG_WARN_CONSTANT_CONVERSION = YES;
				CLANG_WARN_DIRECT_OBJC_ISA_USAGE = YES_ERROR;
				CLANG_WARN_EMPTY_BODY = YES;
				CLANG_WARN_ENUM_CONVERSION = YES;
				CLANG_WARN_INT_CONVERSION = YES;
				CLANG_WARN_OBJC_ROOT_CLASS = YES_ERROR;
				CLANG_WARN_UNREACHABLE_CODE = YES;
				CLANG_WARN__DUPLICATE_METHOD_MATCH = YES;
				"CODE_SIGN_IDENTITY[sdk=iphoneos*]" = "iPhone Developer";
				COPY_PHASE_STRIP = NO;
				DEBUG_INFORMATION_FORMAT = dwarf;
				ENABLE_STRICT_OBJC_MSGSEND = YES;
				ENABLE_TESTABILITY = YES;
				GCC_C_LANGUAGE_STANDARD = gnu99;
				GCC_DYNAMIC_NO_PIC = NO;
				GCC_NO_COMMON_BLOCKS = YES;
				GCC_OPTIMIZATION_LEVEL = 0;
				GCC_PREPROCESSOR_DEFINITIONS = (
					"DEBUG=1",
					"$(inherited)",
				);
				GCC_WARN_64_TO_32_BIT_CONVERSION = YES;
				GCC_WARN_ABOUT_RETURN_TYPE = YES_ERROR;
				GCC_WARN_UNDECLARED_SELECTOR = YES;
				GCC_WARN_UNINITIALIZED_AUTOS = YES_AGGRESSIVE;
				GCC_WARN_UNUSED_FUNCTION = YES;
				GCC_WARN_UNUSED_VARIABLE = YES;
				IPHONEOS_DEPLOYMENT_TARGET = 9.0;
				MTL_ENABLE_DEBUG_INFO = YES;
				ONLY_ACTIVE_ARCH = YES;
				SDKROOT = iphoneos;
			};
			name = Debug;
		};
		6033F8681BE9EADA0056FD04 /* Release */ = {
			isa = XCBuildConfiguration;
			buildSettings = {
				ALWAYS_SEARCH_USER_PATHS = NO;
				CLANG_CXX_LANGUAGE_STANDARD = "gnu++0x";
				CLANG_CXX_LIBRARY = "libc++";
				CLANG_ENABLE_MODULES = YES;
				CLANG_ENABLE_OBJC_ARC = YES;
				CLANG_WARN_BOOL_CONVERSION = YES;
				CLANG_WARN_CONSTANT_CONVERSION = YES;
				CLANG_WARN_DIRECT_OBJC_ISA_USAGE = YES_ERROR;
				CLANG_WARN_EMPTY_BODY = YES;
				CLANG_WARN_ENUM_CONVERSION = YES;
				CLANG_WARN_INT_CONVERSION = YES;
				CLANG_WARN_OBJC_ROOT_CLASS = YES_ERROR;
				CLANG_WARN_UNREACHABLE_CODE = YES;
				CLANG_WARN__DUPLICATE_METHOD_MATCH = YES;
				"CODE_SIGN_IDENTITY[sdk=iphoneos*]" = "iPhone Developer";
				COPY_PHASE_STRIP = NO;
				DEBUG_INFORMATION_FORMAT = "dwarf-with-dsym";
				ENABLE_NS_ASSERTIONS = NO;
				ENABLE_STRICT_OBJC_MSGSEND = YES;
				GCC_C_LANGUAGE_STANDARD = gnu99;
				GCC_NO_COMMON_BLOCKS = YES;
				GCC_WARN_64_TO_32_BIT_CONVERSION = YES;
				GCC_WARN_ABOUT_RETURN_TYPE = YES_ERROR;
				GCC_WARN_UNDECLARED_SELECTOR = YES;
				GCC_WARN_UNINITIALIZED_AUTOS = YES_AGGRESSIVE;
				GCC_WARN_UNUSED_FUNCTION = YES;
				GCC_WARN_UNUSED_VARIABLE = YES;
				IPHONEOS_DEPLOYMENT_TARGET = 9.0;
				MTL_ENABLE_DEBUG_INFO = NO;
				SDKROOT = iphoneos;
				VALIDATE_PRODUCT = YES;
			};
			name = Release;
		};
		6033F86A1BE9EADA0056FD04 /* Debug */ = {
			isa = XCBuildConfiguration;
			buildSettings = {
				ASSETCATALOG_COMPILER_APPICON_NAME = AppIcon;
				INFOPLIST_FILE = EaseStartView/Info.plist;
				LD_RUNPATH_SEARCH_PATHS = "$(inherited) @executable_path/Frameworks";
				PRODUCT_BUNDLE_IDENTIFIER = twksky.EaseStartView;
				PRODUCT_NAME = "$(TARGET_NAME)";
			};
			name = Debug;
		};
		6033F86B1BE9EADA0056FD04 /* Release */ = {
			isa = XCBuildConfiguration;
			buildSettings = {
				ASSETCATALOG_COMPILER_APPICON_NAME = AppIcon;
				INFOPLIST_FILE = EaseStartView/Info.plist;
				LD_RUNPATH_SEARCH_PATHS = "$(inherited) @executable_path/Frameworks";
				PRODUCT_BUNDLE_IDENTIFIER = twksky.EaseStartView;
				PRODUCT_NAME = "$(TARGET_NAME)";
			};
			name = Release;
		};
		6033F86D1BE9EADA0056FD04 /* Debug */ = {
			isa = XCBuildConfiguration;
			buildSettings = {
				BUNDLE_LOADER = "$(TEST_HOST)";
				INFOPLIST_FILE = EaseStartViewTests/Info.plist;
				LD_RUNPATH_SEARCH_PATHS = "$(inherited) @executable_path/Frameworks @loader_path/Frameworks";
				PRODUCT_BUNDLE_IDENTIFIER = twksky.EaseStartViewTests;
				PRODUCT_NAME = "$(TARGET_NAME)";
				TEST_HOST = "$(BUILT_PRODUCTS_DIR)/EaseStartView.app/EaseStartView";
			};
			name = Debug;
		};
		6033F86E1BE9EADA0056FD04 /* Release */ = {
			isa = XCBuildConfiguration;
			buildSettings = {
				BUNDLE_LOADER = "$(TEST_HOST)";
				INFOPLIST_FILE = EaseStartViewTests/Info.plist;
				LD_RUNPATH_SEARCH_PATHS = "$(inherited) @executable_path/Frameworks @loader_path/Frameworks";
				PRODUCT_BUNDLE_IDENTIFIER = twksky.EaseStartViewTests;
				PRODUCT_NAME = "$(TARGET_NAME)";
				TEST_HOST = "$(BUILT_PRODUCTS_DIR)/EaseStartView.app/EaseStartView";
			};
			name = Release;
		};
		6033F8701BE9EADA0056FD04 /* Debug */ = {
			isa = XCBuildConfiguration;
			buildSettings = {
				INFOPLIST_FILE = EaseStartViewUITests/Info.plist;
				LD_RUNPATH_SEARCH_PATHS = "$(inherited) @executable_path/Frameworks @loader_path/Frameworks";
				PRODUCT_BUNDLE_IDENTIFIER = twksky.EaseStartViewUITests;
				PRODUCT_NAME = "$(TARGET_NAME)";
				TEST_TARGET_NAME = EaseStartView;
				USES_XCTRUNNER = YES;
			};
			name = Debug;
		};
		6033F8711BE9EADA0056FD04 /* Release */ = {
			isa = XCBuildConfiguration;
			buildSettings = {
				INFOPLIST_FILE = EaseStartViewUITests/Info.plist;
				LD_RUNPATH_SEARCH_PATHS = "$(inherited) @executable_path/Frameworks @loader_path/Frameworks";
				PRODUCT_BUNDLE_IDENTIFIER = twksky.EaseStartViewUITests;
				PRODUCT_NAME = "$(TARGET_NAME)";
				TEST_TARGET_NAME = EaseStartView;
				USES_XCTRUNNER = YES;
			};
			name = Release;
		};
/* End XCBuildConfiguration section */

/* Begin XCConfigurationList section */
		6033F8371BE9EADA0056FD04 /* Build configuration list for PBXProject "EaseStartView" */ = {
			isa = XCConfigurationList;
			buildConfigurations = (
				6033F8671BE9EADA0056FD04 /* Debug */,
				6033F8681BE9EADA0056FD04 /* Release */,
			);
			defaultConfigurationIsVisible = 0;
			defaultConfigurationName = Release;
		};
		6033F8691BE9EADA0056FD04 /* Build configuration list for PBXNativeTarget "EaseStartView" */ = {
			isa = XCConfigurationList;
			buildConfigurations = (
				6033F86A1BE9EADA0056FD04 /* Debug */,
				6033F86B1BE9EADA0056FD04 /* Release */,
			);
			defaultConfigurationIsVisible = 0;
		};
		6033F86C1BE9EADA0056FD04 /* Build configuration list for PBXNativeTarget "EaseStartViewTests" */ = {
			isa = XCConfigurationList;
			buildConfigurations = (
				6033F86D1BE9EADA0056FD04 /* Debug */,
				6033F86E1BE9EADA0056FD04 /* Release */,
			);
			defaultConfigurationIsVisible = 0;
		};
		6033F86F1BE9EADA0056FD04 /* Build configuration list for PBXNativeTarget "EaseStartViewUITests" */ = {
			isa = XCConfigurationList;
			buildConfigurations = (
				6033F8701BE9EADA0056FD04 /* Debug */,
				6033F8711BE9EADA0056FD04 /* Release */,
			);
			defaultConfigurationIsVisible = 0;
		};
/* End XCConfigurationList section */
	};
	rootObject = 6033F8341BE9EADA0056FD04 /* Project object */;
}
